{
  "nodes": {
    "abe": {
      "inputs": {
        "flake-utils": "flake-utils",
        "nixpkgs": "nixpkgs",
        "resholve": "resholve"
      },
      "locked": {
        "lastModified": 1709212133,
        "narHash": "sha256-2AqgTh1SeP5/fkErrX9cXS5PipSOO5rpEbElWwd6vNQ=",
        "owner": "a-jackson",
        "repo": "audiobook-extractor",
        "rev": "4203be5e445efca7ebdfb5e8fcb3b7a68c0ba8b7",
        "type": "github"
      },
      "original": {
        "owner": "a-jackson",
        "repo": "audiobook-extractor",
        "type": "github"
      }
    },
    "binlore": {
      "inputs": {
        "flake-compat": [
          "abe",
          "resholve",
          "flake-compat"
        ],
        "flake-utils": [
          "abe",
          "resholve",
          "flake-utils"
        ],
        "nixpkgs": [
          "abe",
          "resholve",
          "nixpkgs"
        ],
        "yallback": "yallback"
      },
      "locked": {
        "lastModified": 1695100998,
        "narHash": "sha256-WeHHhD/zzSA148u/SRV3EIOaEuDLe+5Lav2EwEROG10=",
        "owner": "abathur",
        "repo": "binlore",
        "rev": "cf5c0e606de4b597720251ac327cd489addd0bd4",
        "type": "github"
      },
      "original": {
        "owner": "abathur",
        "repo": "binlore",
        "type": "github"
      }
    },
    "d-mark-python": {
      "inputs": {
        "flake-compat": [
          "abe",
          "resholve",
          "wwurst",
          "flake-compat"
        ],
        "flake-utils": [
          "abe",
          "resholve",
          "wwurst",
          "flake-utils"
        ],
        "nixpkgs": [
          "abe",
          "resholve",
          "wwurst",
          "nixpkgs"
        ]
      },
      "locked": {
        "lastModified": 1695101569,
        "narHash": "sha256-NvqGEy9lbTX5lzvGEiJtwO97DGOd33yrBPdu2SowkZg=",
        "owner": "abathur",
        "repo": "d-mark-python",
        "rev": "da6d97b06333e7e8c6bd1f513b985e0e4649f73a",
        "type": "github"
      },
      "original": {
        "owner": "abathur",
        "ref": "draft",
        "repo": "d-mark-python",
        "type": "github"
      }
    },
    "flake-compat": {
      "flake": false,
      "locked": {
        "lastModified": 1673956053,
        "narHash": "sha256-4gtG9iQuiKITOjNQQeQIpoIB6b16fm+504Ch3sNKLd8=",
        "owner": "edolstra",
        "repo": "flake-compat",
        "rev": "35bb57c0c8d8b62bbfd284272c928ceb64ddbde9",
        "type": "github"
      },
      "original": {
        "owner": "edolstra",
        "repo": "flake-compat",
        "type": "github"
      }
    },
    "flake-utils": {
      "inputs": {
        "systems": "systems"
      },
      "locked": {
        "lastModified": 1705309234,
        "narHash": "sha256-uNRRNRKmJyCRC/8y1RqBkqWBLM034y4qN7EprSdmgyA=",
        "owner": "numtide",
        "repo": "flake-utils",
        "rev": "1ef2e671c3b0c19053962c07dbda38332dcebf26",
        "type": "github"
      },
      "original": {
        "owner": "numtide",
        "repo": "flake-utils",
        "type": "github"
      }
    },
    "home-manager": {
      "inputs": {
        "nixpkgs": [
          "nixpkgs"
        ]
      },
      "locked": {
        "lastModified": 1709204054,
        "narHash": "sha256-U1idK0JHs1XOfSI1APYuXi4AEADf+B+ZU4Wifc0pBHk=",
        "owner": "nix-community",
        "repo": "home-manager",
        "rev": "2f3367769a93b226c467551315e9e270c3f78b15",
        "type": "github"
      },
      "original": {
        "owner": "nix-community",
        "repo": "home-manager",
        "type": "github"
      }
    },
    "impermanence": {
      "locked": {
        "lastModified": 1708968331,
        "narHash": "sha256-VUXLaPusCBvwM3zhGbRIJVeYluh2uWuqtj4WirQ1L9Y=",
        "owner": "nix-community",
        "repo": "impermanence",
        "rev": "a33ef102a02ce77d3e39c25197664b7a636f9c30",
        "type": "github"
      },
      "original": {
        "owner": "nix-community",
        "repo": "impermanence",
        "type": "github"
      }
    },
    "nixpkgs": {
      "locked": {
        "lastModified": 1706098335,
        "narHash": "sha256-r3dWjT8P9/Ah5m5ul4WqIWD8muj5F+/gbCdjiNVBKmU=",
        "owner": "NixOS",
        "repo": "nixpkgs",
        "rev": "a77ab169a83a4175169d78684ddd2e54486ac651",
        "type": "github"
      },
      "original": {
        "owner": "NixOS",
        "ref": "nixos-23.11",
        "repo": "nixpkgs",
        "type": "github"
      }
    },
    "nixpkgs_2": {
      "locked": {
        "lastModified": 1709150264,
        "narHash": "sha256-HofykKuisObPUfj0E9CJVfaMhawXkYx3G8UIFR/XQ38=",
        "owner": "NixOS",
        "repo": "nixpkgs",
        "rev": "9099616b93301d5cf84274b184a3a5ec69e94e08",
        "type": "github"
      },
      "original": {
        "owner": "NixOS",
        "ref": "nixos-unstable",
        "repo": "nixpkgs",
        "type": "github"
      }
    },
    "resholve": {
      "inputs": {
        "binlore": "binlore",
        "flake-compat": "flake-compat",
        "flake-utils": [
          "abe",
          "flake-utils"
        ],
        "nixpkgs": [
          "abe",
          "nixpkgs"
        ],
        "wwurst": "wwurst"
      },
      "locked": {
        "lastModified": 1701239772,
        "narHash": "sha256-ep8Bpa/BESA1dn3D/sYcIQz0ncOnFowLNsRsqlbO2Hk=",
        "owner": "abathur",
        "repo": "resholve",
        "rev": "b36dda267fb7d028277b1f08bada784286989bac",
        "type": "github"
      },
      "original": {
        "owner": "abathur",
        "repo": "resholve",
        "type": "github"
      }
    },
    "root": {
      "inputs": {
        "abe": "abe",
        "home-manager": "home-manager",
        "impermanence": "impermanence",
        "nixpkgs": "nixpkgs_2",
        "sops-nix": "sops-nix"
      }
    },
    "sops-nix": {
      "inputs": {
        "nixpkgs": [
          "nixpkgs"
        ],
        "nixpkgs-stable": [
          "nixpkgs"
        ]
      },
      "locked": {
        "lastModified": 1708987867,
        "narHash": "sha256-k2lDaDWNTU5sBVHanYzjDKVDmk29RHIgdbbXu5sdzBA=",
        "owner": "Mic92",
        "repo": "sops-nix",
        "rev": "a1c8de14f60924fafe13aea66b46157f0150f4cf",
        "type": "github"
      },
      "original": {
        "owner": "Mic92",
        "repo": "sops-nix",
        "type": "github"
      }
    },
    "systems": {
      "locked": {
        "lastModified": 1681028828,
        "narHash": "sha256-Vy1rq5AaRuLzOxct8nz4T6wlgyUR7zLU309k9mBC768=",
        "owner": "nix-systems",
        "repo": "default",
        "rev": "da67096a3b9bf56a91d16901293e51ba5b49a27e",
        "type": "github"
      },
      "original": {
        "owner": "nix-systems",
        "repo": "default",
        "type": "github"
      }
    },
    "wwurst": {
      "inputs": {
        "d-mark-python": "d-mark-python",
        "flake-compat": [
          "abe",
          "resholve",
          "flake-compat"
        ],
        "flake-utils": [
          "abe",
          "resholve",
          "flake-utils"
        ],
        "nixpkgs": [
          "abe",
          "resholve",
          "nixpkgs"
        ]
      },
      "locked": {
        "lastModified": 1695101647,
        "narHash": "sha256-fzloQiSPB0nAeQP/71avDZTHFIVnHw8BJPiZ3T24hCA=",
        "owner": "abathur",
        "repo": "wordswurst",
        "rev": "61a0ee22bbb7bea8d95568c0a43530fb4671139b",
        "type": "github"
      },
      "original": {
        "owner": "abathur",
        "repo": "wordswurst",
        "type": "github"
      }
    },
    "yallback": {
      "inputs": {
        "flake-compat": [
          "abe",
          "resholve",
          "binlore",
          "flake-compat"
        ],
        "flake-utils": [
          "abe",
          "resholve",
          "binlore",
          "flake-utils"
        ],
        "nixpkgs": [
          "abe",
          "resholve",
          "binlore",
          "nixpkgs"
        ]
      },
      "locked": {
        "lastModified": 1695100875,
        "narHash": "sha256-4/IE4Hoh60vBAM34nEDgRiDpSSGuqCMUZmm88PA0q8k=",
        "owner": "abathur",
        "repo": "yallback",
        "rev": "e98c84ef60477035af7bb36177fd393f20280ae4",
        "type": "github"
      },
      "original": {
        "owner": "abathur",
        "repo": "yallback",
        "type": "github"
      }
    }
  },
  "root": "root",
  "version": 7
}
