{
  "nodes": {
    "abe": {
      "inputs": {
        "flake-utils": "flake-utils",
        "nixpkgs": [
          "nixpkgs"
        ],
        "resholve": "resholve"
      },
      "locked": {
        "lastModified": 1731257267,
        "narHash": "sha256-PZRoKUn85x4oF7dFGsfdNr/3gsneWHLPAxnn+pMw3qM=",
        "owner": "a-jackson",
        "repo": "audiobook-extractor",
        "rev": "5ad7fb89eda783dbf4ccdb30064726cdcb1decaf",
        "type": "github"
      },
      "original": {
        "owner": "a-jackson",
        "repo": "audiobook-extractor",
        "type": "github"
      }
    },
    "binlore": {
      "inputs": {
        "flake-compat": [
          "abe",
          "resholve",
          "flake-compat"
        ],
        "flake-utils": [
          "abe",
          "resholve",
          "flake-utils"
        ],
        "nixpkgs": [
          "abe",
          "resholve",
          "nixpkgs"
        ],
        "yallback": "yallback"
      },
      "locked": {
        "lastModified": 1711149136,
        "narHash": "sha256-CQOGpmH8eG8GLxC8xfUcdYvVcAwmpIkxohw4dCWwTc4=",
        "owner": "abathur",
        "repo": "binlore",
        "rev": "a425d4a1d06ab8d952f49d61fea292ede53dd25c",
        "type": "github"
      },
      "original": {
        "owner": "abathur",
        "repo": "binlore",
        "type": "github"
      }
    },
    "d-mark-python": {
      "inputs": {
        "flake-compat": [
          "abe",
          "resholve",
          "wwurst",
          "flake-compat"
        ],
        "flake-utils": [
          "abe",
          "resholve",
          "wwurst",
          "flake-utils"
        ],
        "nixpkgs": [
          "abe",
          "resholve",
          "wwurst",
          "nixpkgs"
        ]
      },
      "locked": {
        "lastModified": 1695101569,
        "narHash": "sha256-NvqGEy9lbTX5lzvGEiJtwO97DGOd33yrBPdu2SowkZg=",
        "owner": "abathur",
        "repo": "d-mark-python",
        "rev": "da6d97b06333e7e8c6bd1f513b985e0e4649f73a",
        "type": "github"
      },
      "original": {
        "owner": "abathur",
        "ref": "draft",
        "repo": "d-mark-python",
        "type": "github"
      }
    },
    "flake-compat": {
      "flake": false,
      "locked": {
        "lastModified": 1696426674,
        "narHash": "sha256-kvjfFW7WAETZlt09AgDn1MrtKzP7t90Vf7vypd3OL1U=",
        "owner": "edolstra",
        "repo": "flake-compat",
        "rev": "0f9255e01c2351cc7d116c072cb317785dd33b33",
        "type": "github"
      },
      "original": {
        "owner": "edolstra",
        "repo": "flake-compat",
        "type": "github"
      }
    },
    "flake-parts": {
      "inputs": {
        "nixpkgs-lib": [
          "nixvim",
          "nixpkgs"
        ]
      },
      "locked": {
        "lastModified": 1751413152,
        "narHash": "sha256-Tyw1RjYEsp5scoigs1384gIg6e0GoBVjms4aXFfRssQ=",
        "owner": "hercules-ci",
        "repo": "flake-parts",
        "rev": "77826244401ea9de6e3bac47c2db46005e1f30b5",
        "type": "github"
      },
      "original": {
        "owner": "hercules-ci",
        "repo": "flake-parts",
        "type": "github"
      }
    },
    "flake-utils": {
      "inputs": {
        "systems": "systems"
      },
      "locked": {
        "lastModified": 1726560853,
        "narHash": "sha256-X6rJYSESBVr3hBoH0WbKE5KvhPU5bloyZ2L4K60/fPQ=",
        "owner": "numtide",
        "repo": "flake-utils",
        "rev": "c1dfcf08411b08f6b8615f7d8971a2bfa81d5e8a",
        "type": "github"
      },
      "original": {
        "owner": "numtide",
        "repo": "flake-utils",
        "type": "github"
      }
    },
    "flake-utils_2": {
      "inputs": {
        "systems": "systems_2"
      },
      "locked": {
        "lastModified": 1731533236,
        "narHash": "sha256-l0KFg5HjrsfsO/JpG+r7fRrqm12kzFHyUHqHCVpMMbI=",
        "owner": "numtide",
        "repo": "flake-utils",
        "rev": "11707dc2f618dd54ca8739b309ec4fc024de578b",
        "type": "github"
      },
      "original": {
        "owner": "numtide",
        "repo": "flake-utils",
        "type": "github"
      }
    },
    "home-manager": {
      "inputs": {
        "nixpkgs": [
          "nixpkgs"
        ]
      },
      "locked": {
        "lastModified": 1753181343,
        "narHash": "sha256-CLQfNtUqirNVSYoW/kYbvL4PeeNasmZonaPnjO3+1YQ=",
        "owner": "nix-community",
        "repo": "home-manager",
        "rev": "0cdfcdbb525b77b951c889b6131047bc374f48fe",
        "type": "github"
      },
      "original": {
        "owner": "nix-community",
        "repo": "home-manager",
        "type": "github"
      }
    },
    "impermanence": {
      "locked": {
        "lastModified": 1737831083,
        "narHash": "sha256-LJggUHbpyeDvNagTUrdhe/pRVp4pnS6wVKALS782gRI=",
        "owner": "nix-community",
        "repo": "impermanence",
        "rev": "4b3e914cdf97a5b536a889e939fb2fd2b043a170",
        "type": "github"
      },
      "original": {
        "owner": "nix-community",
        "repo": "impermanence",
        "type": "github"
      }
    },
    "ixx": {
      "inputs": {
        "flake-utils": [
          "nixvim",
          "nuschtosSearch",
          "flake-utils"
        ],
        "nixpkgs": [
          "nixvim",
          "nuschtosSearch",
          "nixpkgs"
        ]
      },
      "locked": {
        "lastModified": 1748294338,
        "narHash": "sha256-FVO01jdmUNArzBS7NmaktLdGA5qA3lUMJ4B7a05Iynw=",
        "owner": "NuschtOS",
        "repo": "ixx",
        "rev": "cc5f390f7caf265461d4aab37e98d2292ebbdb85",
        "type": "github"
      },
      "original": {
        "owner": "NuschtOS",
        "ref": "v0.0.8",
        "repo": "ixx",
        "type": "github"
      }
    },
    "nixpkgs": {
      "locked": {
        "lastModified": 1752950548,
        "narHash": "sha256-NS6BLD0lxOrnCiEOcvQCDVPXafX1/ek1dfJHX1nUIzc=",
        "owner": "NixOS",
        "repo": "nixpkgs",
        "rev": "c87b95e25065c028d31a94f06a62927d18763fdf",
        "type": "github"
      },
      "original": {
        "owner": "NixOS",
        "ref": "nixos-unstable",
        "repo": "nixpkgs",
        "type": "github"
      }
    },
    "nixvim": {
      "inputs": {
        "flake-parts": "flake-parts",
        "nixpkgs": [
          "nixpkgs"
        ],
        "nuschtosSearch": "nuschtosSearch",
        "systems": "systems_3"
      },
      "locked": {
        "lastModified": 1752976861,
        "narHash": "sha256-59HcrqHfbSJUdmpzrAa9x8fW1PoS+ZGhCjL5k5HbyV8=",
        "owner": "nix-community",
        "repo": "nixvim",
        "rev": "0c50ed9349199219583cb1ed1a972d71e06039ec",
        "type": "github"
      },
      "original": {
        "owner": "nix-community",
        "repo": "nixvim",
        "type": "github"
      }
    },
    "nuschtosSearch": {
      "inputs": {
        "flake-utils": "flake-utils_2",
        "ixx": "ixx",
        "nixpkgs": [
          "nixvim",
          "nixpkgs"
        ]
      },
      "locked": {
        "lastModified": 1749730855,
        "narHash": "sha256-L3x2nSlFkXkM6tQPLJP3oCBMIsRifhIDPMQQdHO5xWo=",
        "owner": "NuschtOS",
        "repo": "search",
        "rev": "8dfe5879dd009ff4742b668d9c699bc4b9761742",
        "type": "github"
      },
      "original": {
        "owner": "NuschtOS",
        "repo": "search",
        "type": "github"
      }
    },
    "resholve": {
      "inputs": {
        "binlore": "binlore",
        "flake-compat": "flake-compat",
        "flake-utils": [
          "abe",
          "flake-utils"
        ],
        "nixpkgs": [
          "abe",
          "nixpkgs"
        ],
        "wwurst": "wwurst"
      },
      "locked": {
        "lastModified": 1716380986,
        "narHash": "sha256-D8HKfam0cuaI/YxRGHdyq9RWnsymh44GCaltK5nmUVc=",
        "owner": "abathur",
        "repo": "resholve",
        "rev": "ebd7901b36a0830b67cf300e2ee5719b867a2059",
        "type": "github"
      },
      "original": {
        "owner": "abathur",
        "repo": "resholve",
        "type": "github"
      }
    },
    "root": {
      "inputs": {
        "abe": "abe",
        "home-manager": "home-manager",
        "impermanence": "impermanence",
        "nixpkgs": "nixpkgs",
        "nixvim": "nixvim",
        "sops-nix": "sops-nix"
      }
    },
    "sops-nix": {
      "inputs": {
        "nixpkgs": [
          "nixpkgs"
        ]
      },
      "locked": {
        "lastModified": 1752544651,
        "narHash": "sha256-GllP7cmQu7zLZTs9z0J2gIL42IZHa9CBEXwBY9szT0U=",
        "owner": "Mic92",
        "repo": "sops-nix",
        "rev": "2c8def626f54708a9c38a5861866660395bb3461",
        "type": "github"
      },
      "original": {
        "owner": "Mic92",
        "repo": "sops-nix",
        "type": "github"
      }
    },
    "systems": {
      "locked": {
        "lastModified": 1681028828,
        "narHash": "sha256-Vy1rq5AaRuLzOxct8nz4T6wlgyUR7zLU309k9mBC768=",
        "owner": "nix-systems",
        "repo": "default",
        "rev": "da67096a3b9bf56a91d16901293e51ba5b49a27e",
        "type": "github"
      },
      "original": {
        "owner": "nix-systems",
        "repo": "default",
        "type": "github"
      }
    },
    "systems_2": {
      "locked": {
        "lastModified": 1681028828,
        "narHash": "sha256-Vy1rq5AaRuLzOxct8nz4T6wlgyUR7zLU309k9mBC768=",
        "owner": "nix-systems",
        "repo": "default",
        "rev": "da67096a3b9bf56a91d16901293e51ba5b49a27e",
        "type": "github"
      },
      "original": {
        "owner": "nix-systems",
        "repo": "default",
        "type": "github"
      }
    },
    "systems_3": {
      "locked": {
        "lastModified": 1681028828,
        "narHash": "sha256-Vy1rq5AaRuLzOxct8nz4T6wlgyUR7zLU309k9mBC768=",
        "owner": "nix-systems",
        "repo": "default",
        "rev": "da67096a3b9bf56a91d16901293e51ba5b49a27e",
        "type": "github"
      },
      "original": {
        "owner": "nix-systems",
        "repo": "default",
        "type": "github"
      }
    },
    "wwurst": {
      "inputs": {
        "d-mark-python": "d-mark-python",
        "flake-compat": [
          "abe",
          "resholve",
          "flake-compat"
        ],
        "flake-utils": [
          "abe",
          "resholve",
          "flake-utils"
        ],
        "nixpkgs": [
          "abe",
          "resholve",
          "nixpkgs"
        ]
      },
      "locked": {
        "lastModified": 1695101647,
        "narHash": "sha256-fzloQiSPB0nAeQP/71avDZTHFIVnHw8BJPiZ3T24hCA=",
        "owner": "abathur",
        "repo": "wordswurst",
        "rev": "61a0ee22bbb7bea8d95568c0a43530fb4671139b",
        "type": "github"
      },
      "original": {
        "owner": "abathur",
        "repo": "wordswurst",
        "type": "github"
      }
    },
    "yallback": {
      "inputs": {
        "flake-compat": [
          "abe",
          "resholve",
          "binlore",
          "flake-compat"
        ],
        "flake-utils": [
          "abe",
          "resholve",
          "binlore",
          "flake-utils"
        ],
        "nixpkgs": [
          "abe",
          "resholve",
          "binlore",
          "nixpkgs"
        ]
      },
      "locked": {
        "lastModified": 1695100875,
        "narHash": "sha256-4/IE4Hoh60vBAM34nEDgRiDpSSGuqCMUZmm88PA0q8k=",
        "owner": "abathur",
        "repo": "yallback",
        "rev": "e98c84ef60477035af7bb36177fd393f20280ae4",
        "type": "github"
      },
      "original": {
        "owner": "abathur",
        "repo": "yallback",
        "type": "github"
      }
    }
  },
  "root": "root",
  "version": 7
}
